// !$*UTF8*$!
{
	archiveVersion = 1;
	classes = {
	};
	objectVersion = 46;
	objects = {

/* Begin PBXBuildFile section */
		191CA4EF1B01470C0011D047 /* GigSetTableViewController.m in Sources */ = {isa = PBXBuildFile; fileRef = 191CA4EE1B01470C0011D047 /* GigSetTableViewController.m */; };
		194B7EA21AF1C6C50025F199 /* main.m in Sources */ = {isa = PBXBuildFile; fileRef = 194B7EA11AF1C6C50025F199 /* main.m */; };
		194B7EA51AF1C6C50025F199 /* AppDelegate.m in Sources */ = {isa = PBXBuildFile; fileRef = 194B7EA41AF1C6C50025F199 /* AppDelegate.m */; };
		194B7EA81AF1C6C50025F199 /* GigMate.xcdatamodeld in Sources */ = {isa = PBXBuildFile; fileRef = 194B7EA61AF1C6C50025F199 /* GigMate.xcdatamodeld */; };
		194B7EB01AF1C6C50025F199 /* Images.xcassets in Resources */ = {isa = PBXBuildFile; fileRef = 194B7EAF1AF1C6C50025F199 /* Images.xcassets */; };
		194B7EB31AF1C6C50025F199 /* LaunchScreen.xib in Resources */ = {isa = PBXBuildFile; fileRef = 194B7EB11AF1C6C50025F199 /* LaunchScreen.xib */; };
		194B7EBF1AF1C6C50025F199 /* GigMateTests.m in Sources */ = {isa = PBXBuildFile; fileRef = 194B7EBE1AF1C6C50025F199 /* GigMateTests.m */; };
		194B7ED61AF1C73D0025F199 /* AddGigViewController.m in Sources */ = {isa = PBXBuildFile; fileRef = 194B7ECB1AF1C73D0025F199 /* AddGigViewController.m */; };
		194B7ED71AF1C73D0025F199 /* AddSetViewController.m in Sources */ = {isa = PBXBuildFile; fileRef = 194B7ECD1AF1C73D0025F199 /* AddSetViewController.m */; };
		194B7ED81AF1C73D0025F199 /* AddSongViewController.m in Sources */ = {isa = PBXBuildFile; fileRef = 194B7ECF1AF1C73D0025F199 /* AddSongViewController.m */; };
		194B7ED91AF1C73D0025F199 /* GigsTableViewController.m in Sources */ = {isa = PBXBuildFile; fileRef = 194B7ED11AF1C73D0025F199 /* GigsTableViewController.m */; };
		194B7EDA1AF1C73D0025F199 /* SetListTableViewController.m in Sources */ = {isa = PBXBuildFile; fileRef = 194B7ED31AF1C73D0025F199 /* SetListTableViewController.m */; };
		194B7F001AF1C9AE0025F199 /* IQNSArray+Sort.m in Sources */ = {isa = PBXBuildFile; fileRef = 194B7EFB1AF1C9AE0025F199 /* IQNSArray+Sort.m */; };
		194B7F011AF1C9AE0025F199 /* IQUIView+Hierarchy.m in Sources */ = {isa = PBXBuildFile; fileRef = 194B7EFD1AF1C9AE0025F199 /* IQUIView+Hierarchy.m */; };
		194B7F021AF1C9AE0025F199 /* IQUIWindow+Hierarchy.m in Sources */ = {isa = PBXBuildFile; fileRef = 194B7EFF1AF1C9AE0025F199 /* IQUIWindow+Hierarchy.m */; };
		194B7F091AF1C9CF0025F199 /* IQKeyboardManager.m in Sources */ = {isa = PBXBuildFile; fileRef = 194B7F061AF1C9CF0025F199 /* IQKeyboardManager.m */; };
		194B7F0A1AF1C9CF0025F199 /* IQKeyboardReturnKeyHandler.m in Sources */ = {isa = PBXBuildFile; fileRef = 194B7F081AF1C9CF0025F199 /* IQKeyboardReturnKeyHandler.m */; };
		194B7F0D1AF1C9D70025F199 /* IQSegmentedNextPrevious.m in Sources */ = {isa = PBXBuildFile; fileRef = 194B7F0C1AF1C9D70025F199 /* IQSegmentedNextPrevious.m */; };
		194B7F101AF1C9DE0025F199 /* IQTextView.m in Sources */ = {isa = PBXBuildFile; fileRef = 194B7F0F1AF1C9DE0025F199 /* IQTextView.m */; };
		194B7F191AF1C9E80025F199 /* IQBarButtonItem.m in Sources */ = {isa = PBXBuildFile; fileRef = 194B7F121AF1C9E80025F199 /* IQBarButtonItem.m */; };
		194B7F1A1AF1C9E80025F199 /* IQTitleBarButtonItem.m in Sources */ = {isa = PBXBuildFile; fileRef = 194B7F141AF1C9E80025F199 /* IQTitleBarButtonItem.m */; };
		194B7F1B1AF1C9E80025F199 /* IQToolbar.m in Sources */ = {isa = PBXBuildFile; fileRef = 194B7F161AF1C9E80025F199 /* IQToolbar.m */; };
		194B7F1C1AF1C9E80025F199 /* IQUIView+IQKeyboardToolbar.m in Sources */ = {isa = PBXBuildFile; fileRef = 194B7F181AF1C9E80025F199 /* IQUIView+IQKeyboardToolbar.m */; };
		197726CF1B01F39E003373A6 /* SetList.m in Sources */ = {isa = PBXBuildFile; fileRef = 197726CE1B01F39E003373A6 /* SetList.m */; };
		197726D51B01F39F003373A6 /* Gigs.m in Sources */ = {isa = PBXBuildFile; fileRef = 197726D41B01F39F003373A6 /* Gigs.m */; };
		197726D81B01FF2E003373A6 /* Song.m in Sources */ = {isa = PBXBuildFile; fileRef = 197726D71B01FF2E003373A6 /* Song.m */; };
		197811741AF7E0CF009D0EAC /* AddSongsToSetViewController.m in Sources */ = {isa = PBXBuildFile; fileRef = 197811731AF7E0CF009D0EAC /* AddSongsToSetViewController.m */; };
		19B19A201AFC8C1F0040F48C /* Main.storyboard in Resources */ = {isa = PBXBuildFile; fileRef = 19B19A1F1AFC8C1F0040F48C /* Main.storyboard */; };
		19D5B08A1AF3621100B41A32 /* SongsViewController.m in Sources */ = {isa = PBXBuildFile; fileRef = 19D5B0891AF3621100B41A32 /* SongsViewController.m */; };
		6C7F1AF4CB74C5DF1186CF17 /* libPods-GigMateTests.a in Frameworks */ = {isa = PBXBuildFile; fileRef = 999DFFCD66DFD1E96CD98584 /* libPods-GigMateTests.a */; };
/* End PBXBuildFile section */

/* Begin PBXContainerItemProxy section */
		194B7EB91AF1C6C50025F199 /* PBXContainerItemProxy */ = {
			isa = PBXContainerItemProxy;
			containerPortal = 194B7E941AF1C6C40025F199 /* Project object */;
			proxyType = 1;
			remoteGlobalIDString = 194B7E9B1AF1C6C50025F199;
			remoteInfo = GigMate;
		};
/* End PBXContainerItemProxy section */

/* Begin PBXFileReference section */
		191CA4ED1B01470C0011D047 /* GigSetTableViewController.h */ = {isa = PBXFileReference; fileEncoding = 4; lastKnownFileType = sourcecode.c.h; path = GigSetTableViewController.h; sourceTree = "<group>"; };
		191CA4EE1B01470C0011D047 /* GigSetTableViewController.m */ = {isa = PBXFileReference; fileEncoding = 4; lastKnownFileType = sourcecode.c.objc; path = GigSetTableViewController.m; sourceTree = "<group>"; };
		194B7E9C1AF1C6C50025F199 /* GigMate.app */ = {isa = PBXFileReference; explicitFileType = wrapper.application; includeInIndex = 0; path = GigMate.app; sourceTree = BUILT_PRODUCTS_DIR; };
		194B7EA01AF1C6C50025F199 /* Info.plist */ = {isa = PBXFileReference; lastKnownFileType = text.plist.xml; path = Info.plist; sourceTree = "<group>"; };
		194B7EA11AF1C6C50025F199 /* main.m */ = {isa = PBXFileReference; lastKnownFileType = sourcecode.c.objc; path = main.m; sourceTree = "<group>"; };
		194B7EA31AF1C6C50025F199 /* AppDelegate.h */ = {isa = PBXFileReference; lastKnownFileType = sourcecode.c.h; path = AppDelegate.h; sourceTree = "<group>"; };
		194B7EA41AF1C6C50025F199 /* AppDelegate.m */ = {isa = PBXFileReference; lastKnownFileType = sourcecode.c.objc; path = AppDelegate.m; sourceTree = "<group>"; };
		194B7EA71AF1C6C50025F199 /* GigMate.xcdatamodel */ = {isa = PBXFileReference; lastKnownFileType = wrapper.xcdatamodel; path = GigMate.xcdatamodel; sourceTree = "<group>"; };
		194B7EAF1AF1C6C50025F199 /* Images.xcassets */ = {isa = PBXFileReference; lastKnownFileType = folder.assetcatalog; path = Images.xcassets; sourceTree = "<group>"; };
		194B7EB21AF1C6C50025F199 /* Base */ = {isa = PBXFileReference; lastKnownFileType = file.xib; name = Base; path = Base.lproj/LaunchScreen.xib; sourceTree = "<group>"; };
		194B7EB81AF1C6C50025F199 /* GigMateTests.xctest */ = {isa = PBXFileReference; explicitFileType = wrapper.cfbundle; includeInIndex = 0; path = GigMateTests.xctest; sourceTree = BUILT_PRODUCTS_DIR; };
		194B7EBD1AF1C6C50025F199 /* Info.plist */ = {isa = PBXFileReference; lastKnownFileType = text.plist.xml; path = Info.plist; sourceTree = "<group>"; };
		194B7EBE1AF1C6C50025F199 /* GigMateTests.m */ = {isa = PBXFileReference; lastKnownFileType = sourcecode.c.objc; path = GigMateTests.m; sourceTree = "<group>"; };
		194B7ECA1AF1C73D0025F199 /* AddGigViewController.h */ = {isa = PBXFileReference; fileEncoding = 4; lastKnownFileType = sourcecode.c.h; path = AddGigViewController.h; sourceTree = "<group>"; };
		194B7ECB1AF1C73D0025F199 /* AddGigViewController.m */ = {isa = PBXFileReference; fileEncoding = 4; lastKnownFileType = sourcecode.c.objc; path = AddGigViewController.m; sourceTree = "<group>"; };
		194B7ECC1AF1C73D0025F199 /* AddSetViewController.h */ = {isa = PBXFileReference; fileEncoding = 4; lastKnownFileType = sourcecode.c.h; path = AddSetViewController.h; sourceTree = "<group>"; };
		194B7ECD1AF1C73D0025F199 /* AddSetViewController.m */ = {isa = PBXFileReference; fileEncoding = 4; lastKnownFileType = sourcecode.c.objc; path = AddSetViewController.m; sourceTree = "<group>"; };
		194B7ECE1AF1C73D0025F199 /* AddSongViewController.h */ = {isa = PBXFileReference; fileEncoding = 4; lastKnownFileType = sourcecode.c.h; path = AddSongViewController.h; sourceTree = "<group>"; };
		194B7ECF1AF1C73D0025F199 /* AddSongViewController.m */ = {isa = PBXFileReference; fileEncoding = 4; lastKnownFileType = sourcecode.c.objc; path = AddSongViewController.m; sourceTree = "<group>"; };
		194B7ED01AF1C73D0025F199 /* GigsTableViewController.h */ = {isa = PBXFileReference; fileEncoding = 4; lastKnownFileType = sourcecode.c.h; path = GigsTableViewController.h; sourceTree = "<group>"; };
		194B7ED11AF1C73D0025F199 /* GigsTableViewController.m */ = {isa = PBXFileReference; fileEncoding = 4; lastKnownFileType = sourcecode.c.objc; path = GigsTableViewController.m; sourceTree = "<group>"; };
		194B7ED21AF1C73D0025F199 /* SetListTableViewController.h */ = {isa = PBXFileReference; fileEncoding = 4; lastKnownFileType = sourcecode.c.h; path = SetListTableViewController.h; sourceTree = "<group>"; };
		194B7ED31AF1C73D0025F199 /* SetListTableViewController.m */ = {isa = PBXFileReference; fileEncoding = 4; lastKnownFileType = sourcecode.c.objc; path = SetListTableViewController.m; sourceTree = "<group>"; };
		194B7EFA1AF1C9AE0025F199 /* IQNSArray+Sort.h */ = {isa = PBXFileReference; fileEncoding = 4; lastKnownFileType = sourcecode.c.h; path = "IQNSArray+Sort.h"; sourceTree = "<group>"; };
		194B7EFB1AF1C9AE0025F199 /* IQNSArray+Sort.m */ = {isa = PBXFileReference; fileEncoding = 4; lastKnownFileType = sourcecode.c.objc; path = "IQNSArray+Sort.m"; sourceTree = "<group>"; };
		194B7EFC1AF1C9AE0025F199 /* IQUIView+Hierarchy.h */ = {isa = PBXFileReference; fileEncoding = 4; lastKnownFileType = sourcecode.c.h; path = "IQUIView+Hierarchy.h"; sourceTree = "<group>"; };
		194B7EFD1AF1C9AE0025F199 /* IQUIView+Hierarchy.m */ = {isa = PBXFileReference; fileEncoding = 4; lastKnownFileType = sourcecode.c.objc; path = "IQUIView+Hierarchy.m"; sourceTree = "<group>"; };
		194B7EFE1AF1C9AE0025F199 /* IQUIWindow+Hierarchy.h */ = {isa = PBXFileReference; fileEncoding = 4; lastKnownFileType = sourcecode.c.h; path = "IQUIWindow+Hierarchy.h"; sourceTree = "<group>"; };
		194B7EFF1AF1C9AE0025F199 /* IQUIWindow+Hierarchy.m */ = {isa = PBXFileReference; fileEncoding = 4; lastKnownFileType = sourcecode.c.objc; path = "IQUIWindow+Hierarchy.m"; sourceTree = "<group>"; };
		194B7F031AF1C9BC0025F199 /* IQKeyboardManagerConstants.h */ = {isa = PBXFileReference; lastKnownFileType = sourcecode.c.h; path = IQKeyboardManagerConstants.h; sourceTree = "<group>"; };
		194B7F041AF1C9BC0025F199 /* IQKeyboardManagerConstantsInternal.h */ = {isa = PBXFileReference; lastKnownFileType = sourcecode.c.h; path = IQKeyboardManagerConstantsInternal.h; sourceTree = "<group>"; };
		194B7F051AF1C9CF0025F199 /* IQKeyboardManager.h */ = {isa = PBXFileReference; fileEncoding = 4; lastKnownFileType = sourcecode.c.h; path = IQKeyboardManager.h; sourceTree = "<group>"; };
		194B7F061AF1C9CF0025F199 /* IQKeyboardManager.m */ = {isa = PBXFileReference; fileEncoding = 4; lastKnownFileType = sourcecode.c.objc; path = IQKeyboardManager.m; sourceTree = "<group>"; };
		194B7F071AF1C9CF0025F199 /* IQKeyboardReturnKeyHandler.h */ = {isa = PBXFileReference; fileEncoding = 4; lastKnownFileType = sourcecode.c.h; path = IQKeyboardReturnKeyHandler.h; sourceTree = "<group>"; };
		194B7F081AF1C9CF0025F199 /* IQKeyboardReturnKeyHandler.m */ = {isa = PBXFileReference; fileEncoding = 4; lastKnownFileType = sourcecode.c.objc; path = IQKeyboardReturnKeyHandler.m; sourceTree = "<group>"; };
		194B7F0B1AF1C9D70025F199 /* IQSegmentedNextPrevious.h */ = {isa = PBXFileReference; fileEncoding = 4; lastKnownFileType = sourcecode.c.h; path = IQSegmentedNextPrevious.h; sourceTree = "<group>"; };
		194B7F0C1AF1C9D70025F199 /* IQSegmentedNextPrevious.m */ = {isa = PBXFileReference; fileEncoding = 4; lastKnownFileType = sourcecode.c.objc; path = IQSegmentedNextPrevious.m; sourceTree = "<group>"; };
		194B7F0E1AF1C9DE0025F199 /* IQTextView.h */ = {isa = PBXFileReference; fileEncoding = 4; lastKnownFileType = sourcecode.c.h; path = IQTextView.h; sourceTree = "<group>"; };
		194B7F0F1AF1C9DE0025F199 /* IQTextView.m */ = {isa = PBXFileReference; fileEncoding = 4; lastKnownFileType = sourcecode.c.objc; path = IQTextView.m; sourceTree = "<group>"; };
		194B7F111AF1C9E80025F199 /* IQBarButtonItem.h */ = {isa = PBXFileReference; fileEncoding = 4; lastKnownFileType = sourcecode.c.h; path = IQBarButtonItem.h; sourceTree = "<group>"; };
		194B7F121AF1C9E80025F199 /* IQBarButtonItem.m */ = {isa = PBXFileReference; fileEncoding = 4; lastKnownFileType = sourcecode.c.objc; path = IQBarButtonItem.m; sourceTree = "<group>"; };
		194B7F131AF1C9E80025F199 /* IQTitleBarButtonItem.h */ = {isa = PBXFileReference; fileEncoding = 4; lastKnownFileType = sourcecode.c.h; path = IQTitleBarButtonItem.h; sourceTree = "<group>"; };
		194B7F141AF1C9E80025F199 /* IQTitleBarButtonItem.m */ = {isa = PBXFileReference; fileEncoding = 4; lastKnownFileType = sourcecode.c.objc; path = IQTitleBarButtonItem.m; sourceTree = "<group>"; };
		194B7F151AF1C9E80025F199 /* IQToolbar.h */ = {isa = PBXFileReference; fileEncoding = 4; lastKnownFileType = sourcecode.c.h; path = IQToolbar.h; sourceTree = "<group>"; };
		194B7F161AF1C9E80025F199 /* IQToolbar.m */ = {isa = PBXFileReference; fileEncoding = 4; lastKnownFileType = sourcecode.c.objc; path = IQToolbar.m; sourceTree = "<group>"; };
		194B7F171AF1C9E80025F199 /* IQUIView+IQKeyboardToolbar.h */ = {isa = PBXFileReference; fileEncoding = 4; lastKnownFileType = sourcecode.c.h; path = "IQUIView+IQKeyboardToolbar.h"; sourceTree = "<group>"; };
		194B7F181AF1C9E80025F199 /* IQUIView+IQKeyboardToolbar.m */ = {isa = PBXFileReference; fileEncoding = 4; lastKnownFileType = sourcecode.c.objc; path = "IQUIView+IQKeyboardToolbar.m"; sourceTree = "<group>"; };
		194B7F1D1AF1C9EF0025F199 /* KeyboardManager.h */ = {isa = PBXFileReference; lastKnownFileType = sourcecode.c.h; path = KeyboardManager.h; sourceTree = "<group>"; };
		197726CD1B01F39E003373A6 /* SetList.h */ = {isa = PBXFileReference; fileEncoding = 4; lastKnownFileType = sourcecode.c.h; path = SetList.h; sourceTree = "<group>"; };
		197726CE1B01F39E003373A6 /* SetList.m */ = {isa = PBXFileReference; fileEncoding = 4; lastKnownFileType = sourcecode.c.objc; path = SetList.m; sourceTree = "<group>"; };
		197726D31B01F39F003373A6 /* Gigs.h */ = {isa = PBXFileReference; fileEncoding = 4; lastKnownFileType = sourcecode.c.h; path = Gigs.h; sourceTree = "<group>"; };
		197726D41B01F39F003373A6 /* Gigs.m */ = {isa = PBXFileReference; fileEncoding = 4; lastKnownFileType = sourcecode.c.objc; path = Gigs.m; sourceTree = "<group>"; };
		197726D61B01FF2E003373A6 /* Song.h */ = {isa = PBXFileReference; fileEncoding = 4; lastKnownFileType = sourcecode.c.h; path = Song.h; sourceTree = "<group>"; };
		197726D71B01FF2E003373A6 /* Song.m */ = {isa = PBXFileReference; fileEncoding = 4; lastKnownFileType = sourcecode.c.objc; path = Song.m; sourceTree = "<group>"; };
		197811721AF7E0CF009D0EAC /* AddSongsToSetViewController.h */ = {isa = PBXFileReference; fileEncoding = 4; lastKnownFileType = sourcecode.c.h; path = AddSongsToSetViewController.h; sourceTree = "<group>"; };
		197811731AF7E0CF009D0EAC /* AddSongsToSetViewController.m */ = {isa = PBXFileReference; fileEncoding = 4; lastKnownFileType = sourcecode.c.objc; path = AddSongsToSetViewController.m; sourceTree = "<group>"; };
		19B19A1F1AFC8C1F0040F48C /* Main.storyboard */ = {isa = PBXFileReference; fileEncoding = 4; lastKnownFileType = file.storyboard; path = Main.storyboard; sourceTree = "<group>"; };
		19D5B0881AF3621100B41A32 /* SongsViewController.h */ = {isa = PBXFileReference; fileEncoding = 4; lastKnownFileType = sourcecode.c.h; path = SongsViewController.h; sourceTree = "<group>"; };
		19D5B0891AF3621100B41A32 /* SongsViewController.m */ = {isa = PBXFileReference; fileEncoding = 4; lastKnownFileType = sourcecode.c.objc; path = SongsViewController.m; sourceTree = "<group>"; };
		41530C53AB41B79481770146 /* Pods-GigMateTests.debug.xcconfig */ = {isa = PBXFileReference; includeInIndex = 1; lastKnownFileType = text.xcconfig; name = "Pods-GigMateTests.debug.xcconfig"; path = "Pods/Target Support Files/Pods-GigMateTests/Pods-GigMateTests.debug.xcconfig"; sourceTree = "<group>"; };
		999DFFCD66DFD1E96CD98584 /* libPods-GigMateTests.a */ = {isa = PBXFileReference; explicitFileType = archive.ar; includeInIndex = 0; path = "libPods-GigMateTests.a"; sourceTree = BUILT_PRODUCTS_DIR; };
		E4526E3D28559BD1247E84D8 /* Pods-GigMateTests.release.xcconfig */ = {isa = PBXFileReference; includeInIndex = 1; lastKnownFileType = text.xcconfig; name = "Pods-GigMateTests.release.xcconfig"; path = "Pods/Target Support Files/Pods-GigMateTests/Pods-GigMateTests.release.xcconfig"; sourceTree = "<group>"; };
/* End PBXFileReference section */

/* Begin PBXFrameworksBuildPhase section */
		194B7E991AF1C6C50025F199 /* Frameworks */ = {
			isa = PBXFrameworksBuildPhase;
			buildActionMask = 2147483647;
			files = (
			);
			runOnlyForDeploymentPostprocessing = 0;
		};
		194B7EB51AF1C6C50025F199 /* Frameworks */ = {
			isa = PBXFrameworksBuildPhase;
			buildActionMask = 2147483647;
			files = (
				6C7F1AF4CB74C5DF1186CF17 /* libPods-GigMateTests.a in Frameworks */,
			);
			runOnlyForDeploymentPostprocessing = 0;
		};
/* End PBXFrameworksBuildPhase section */

/* Begin PBXGroup section */
		194B7E931AF1C6C40025F199 = {
			isa = PBXGroup;
			children = (
				194B7E9E1AF1C6C50025F199 /* GigMate */,
				194B7EBB1AF1C6C50025F199 /* GigMateTests */,
				194B7E9D1AF1C6C50025F199 /* Products */,
				A73993B2C783C0390B4B7AFF /* Pods */,
				FD2D8CDD3294243F69434343 /* Frameworks */,
			);
			sourceTree = "<group>";
		};
		194B7E9D1AF1C6C50025F199 /* Products */ = {
			isa = PBXGroup;
			children = (
				194B7E9C1AF1C6C50025F199 /* GigMate.app */,
				194B7EB81AF1C6C50025F199 /* GigMateTests.xctest */,
			);
			name = Products;
			sourceTree = "<group>";
		};
		194B7E9E1AF1C6C50025F199 /* GigMate */ = {
			isa = PBXGroup;
			children = (
				194B7EA31AF1C6C50025F199 /* AppDelegate.h */,
				194B7EA41AF1C6C50025F199 /* AppDelegate.m */,
				19B19A1F1AFC8C1F0040F48C /* Main.storyboard */,
				194B7EDC1AF1C7440025F199 /* Controllers */,
				194B7EE61AF1C7610025F199 /* Model */,
				194B7E9F1AF1C6C50025F199 /* Supporting Files */,
			);
			path = GigMate;
			sourceTree = "<group>";
		};
		194B7E9F1AF1C6C50025F199 /* Supporting Files */ = {
			isa = PBXGroup;
			children = (
				194B7EF91AF1C9960025F199 /* Keyboard Controller */,
				194B7EAF1AF1C6C50025F199 /* Images.xcassets */,
				194B7EB11AF1C6C50025F199 /* LaunchScreen.xib */,
				194B7EA01AF1C6C50025F199 /* Info.plist */,
				194B7EA11AF1C6C50025F199 /* main.m */,
			);
			name = "Supporting Files";
			sourceTree = "<group>";
		};
		194B7EBB1AF1C6C50025F199 /* GigMateTests */ = {
			isa = PBXGroup;
			children = (
				194B7EBE1AF1C6C50025F199 /* GigMateTests.m */,
				194B7EBC1AF1C6C50025F199 /* Supporting Files */,
			);
			path = GigMateTests;
			sourceTree = "<group>";
		};
		194B7EBC1AF1C6C50025F199 /* Supporting Files */ = {
			isa = PBXGroup;
			children = (
				194B7EBD1AF1C6C50025F199 /* Info.plist */,
			);
			name = "Supporting Files";
			sourceTree = "<group>";
		};
		194B7EDC1AF1C7440025F199 /* Controllers */ = {
			isa = PBXGroup;
			children = (
				194B7ECA1AF1C73D0025F199 /* AddGigViewController.h */,
				194B7ECB1AF1C73D0025F199 /* AddGigViewController.m */,
				194B7ECC1AF1C73D0025F199 /* AddSetViewController.h */,
				194B7ECD1AF1C73D0025F199 /* AddSetViewController.m */,
				194B7ECE1AF1C73D0025F199 /* AddSongViewController.h */,
				194B7ECF1AF1C73D0025F199 /* AddSongViewController.m */,
				197811721AF7E0CF009D0EAC /* AddSongsToSetViewController.h */,
				197811731AF7E0CF009D0EAC /* AddSongsToSetViewController.m */,
				194B7ED01AF1C73D0025F199 /* GigsTableViewController.h */,
				194B7ED11AF1C73D0025F199 /* GigsTableViewController.m */,
				194B7ED21AF1C73D0025F199 /* SetListTableViewController.h */,
				194B7ED31AF1C73D0025F199 /* SetListTableViewController.m */,
				19D5B0881AF3621100B41A32 /* SongsViewController.h */,
				19D5B0891AF3621100B41A32 /* SongsViewController.m */,
				191CA4ED1B01470C0011D047 /* GigSetTableViewController.h */,
				191CA4EE1B01470C0011D047 /* GigSetTableViewController.m */,
			);
			name = Controllers;
			sourceTree = "<group>";
		};
		194B7EE61AF1C7610025F199 /* Model */ = {
			isa = PBXGroup;
			children = (
				197726D61B01FF2E003373A6 /* Song.h */,
				197726D71B01FF2E003373A6 /* Song.m */,
				197726D31B01F39F003373A6 /* Gigs.h */,
				197726D41B01F39F003373A6 /* Gigs.m */,
				197726CD1B01F39E003373A6 /* SetList.h */,
				197726CE1B01F39E003373A6 /* SetList.m */,
				194B7EA61AF1C6C50025F199 /* GigMate.xcdatamodeld */,
			);
			name = Model;
			sourceTree = "<group>";
		};
		194B7EF91AF1C9960025F199 /* Keyboard Controller */ = {
			isa = PBXGroup;
			children = (
				194B7F1D1AF1C9EF0025F199 /* KeyboardManager.h */,
				194B7F111AF1C9E80025F199 /* IQBarButtonItem.h */,
				194B7F121AF1C9E80025F199 /* IQBarButtonItem.m */,
				194B7F131AF1C9E80025F199 /* IQTitleBarButtonItem.h */,
				194B7F141AF1C9E80025F199 /* IQTitleBarButtonItem.m */,
				194B7F151AF1C9E80025F199 /* IQToolbar.h */,
				194B7F161AF1C9E80025F199 /* IQToolbar.m */,
				194B7F171AF1C9E80025F199 /* IQUIView+IQKeyboardToolbar.h */,
				194B7F181AF1C9E80025F199 /* IQUIView+IQKeyboardToolbar.m */,
				194B7F0E1AF1C9DE0025F199 /* IQTextView.h */,
				194B7F0F1AF1C9DE0025F199 /* IQTextView.m */,
				194B7F0B1AF1C9D70025F199 /* IQSegmentedNextPrevious.h */,
				194B7F0C1AF1C9D70025F199 /* IQSegmentedNextPrevious.m */,
				194B7F051AF1C9CF0025F199 /* IQKeyboardManager.h */,
				194B7F061AF1C9CF0025F199 /* IQKeyboardManager.m */,
				194B7F071AF1C9CF0025F199 /* IQKeyboardReturnKeyHandler.h */,
				194B7F081AF1C9CF0025F199 /* IQKeyboardReturnKeyHandler.m */,
				194B7F031AF1C9BC0025F199 /* IQKeyboardManagerConstants.h */,
				194B7F041AF1C9BC0025F199 /* IQKeyboardManagerConstantsInternal.h */,
				194B7EFA1AF1C9AE0025F199 /* IQNSArray+Sort.h */,
				194B7EFB1AF1C9AE0025F199 /* IQNSArray+Sort.m */,
				194B7EFC1AF1C9AE0025F199 /* IQUIView+Hierarchy.h */,
				194B7EFD1AF1C9AE0025F199 /* IQUIView+Hierarchy.m */,
				194B7EFE1AF1C9AE0025F199 /* IQUIWindow+Hierarchy.h */,
				194B7EFF1AF1C9AE0025F199 /* IQUIWindow+Hierarchy.m */,
			);
			name = "Keyboard Controller";
			sourceTree = "<group>";
		};
		A73993B2C783C0390B4B7AFF /* Pods */ = {
			isa = PBXGroup;
			children = (
				41530C53AB41B79481770146 /* Pods-GigMateTests.debug.xcconfig */,
				E4526E3D28559BD1247E84D8 /* Pods-GigMateTests.release.xcconfig */,
			);
			name = Pods;
			sourceTree = "<group>";
		};
		FD2D8CDD3294243F69434343 /* Frameworks */ = {
			isa = PBXGroup;
			children = (
				999DFFCD66DFD1E96CD98584 /* libPods-GigMateTests.a */,
			);
			name = Frameworks;
			sourceTree = "<group>";
		};
/* End PBXGroup section */

/* Begin PBXNativeTarget section */
		194B7E9B1AF1C6C50025F199 /* GigMate */ = {
			isa = PBXNativeTarget;
			buildConfigurationList = 194B7EC21AF1C6C50025F199 /* Build configuration list for PBXNativeTarget "GigMate" */;
			buildPhases = (
				194B7E981AF1C6C50025F199 /* Sources */,
				194B7E991AF1C6C50025F199 /* Frameworks */,
				194B7E9A1AF1C6C50025F199 /* Resources */,
			);
			buildRules = (
			);
			dependencies = (
			);
			name = GigMate;
			productName = GigMate;
			productReference = 194B7E9C1AF1C6C50025F199 /* GigMate.app */;
			productType = "com.apple.product-type.application";
		};
		194B7EB71AF1C6C50025F199 /* GigMateTests */ = {
			isa = PBXNativeTarget;
			buildConfigurationList = 194B7EC51AF1C6C50025F199 /* Build configuration list for PBXNativeTarget "GigMateTests" */;
			buildPhases = (
				54A6664FAB6723B3915BD857 /* Check Pods Manifest.lock */,
				194B7EB41AF1C6C50025F199 /* Sources */,
				194B7EB51AF1C6C50025F199 /* Frameworks */,
				194B7EB61AF1C6C50025F199 /* Resources */,
				03798483374A17173E2AFEFB /* Copy Pods Resources */,
			);
			buildRules = (
			);
			dependencies = (
				194B7EBA1AF1C6C50025F199 /* PBXTargetDependency */,
			);
			name = GigMateTests;
			productName = GigMateTests;
			productReference = 194B7EB81AF1C6C50025F199 /* GigMateTests.xctest */;
			productType = "com.apple.product-type.bundle.unit-test";
		};
/* End PBXNativeTarget section */

/* Begin PBXProject section */
		194B7E941AF1C6C40025F199 /* Project object */ = {
			isa = PBXProject;
			attributes = {
				LastUpgradeCheck = 0630;
				ORGANIZATIONNAME = TDesigns;
				TargetAttributes = {
					194B7E9B1AF1C6C50025F199 = {
						CreatedOnToolsVersion = 6.3.1;
					};
					194B7EB71AF1C6C50025F199 = {
						CreatedOnToolsVersion = 6.3.1;
						TestTargetID = 194B7E9B1AF1C6C50025F199;
					};
				};
			};
			buildConfigurationList = 194B7E971AF1C6C40025F199 /* Build configuration list for PBXProject "GigMate" */;
			compatibilityVersion = "Xcode 3.2";
			developmentRegion = English;
			hasScannedForEncodings = 0;
			knownRegions = (
				en,
				Base,
			);
			mainGroup = 194B7E931AF1C6C40025F199;
			productRefGroup = 194B7E9D1AF1C6C50025F199 /* Products */;
			projectDirPath = "";
			projectRoot = "";
			targets = (
				194B7E9B1AF1C6C50025F199 /* GigMate */,
				194B7EB71AF1C6C50025F199 /* GigMateTests */,
			);
		};
/* End PBXProject section */

/* Begin PBXResourcesBuildPhase section */
		194B7E9A1AF1C6C50025F199 /* Resources */ = {
			isa = PBXResourcesBuildPhase;
			buildActionMask = 2147483647;
			files = (
				19B19A201AFC8C1F0040F48C /* Main.storyboard in Resources */,
				194B7EB31AF1C6C50025F199 /* LaunchScreen.xib in Resources */,
				194B7EB01AF1C6C50025F199 /* Images.xcassets in Resources */,
			);
			runOnlyForDeploymentPostprocessing = 0;
		};
		194B7EB61AF1C6C50025F199 /* Resources */ = {
			isa = PBXResourcesBuildPhase;
			buildActionMask = 2147483647;
			files = (
			);
			runOnlyForDeploymentPostprocessing = 0;
		};
/* End PBXResourcesBuildPhase section */

/* Begin PBXShellScriptBuildPhase section */
		03798483374A17173E2AFEFB /* Copy Pods Resources */ = {
			isa = PBXShellScriptBuildPhase;
			buildActionMask = 2147483647;
			files = (
			);
			inputPaths = (
			);
			name = "Copy Pods Resources";
			outputPaths = (
			);
			runOnlyForDeploymentPostprocessing = 0;
			shellPath = /bin/sh;
			shellScript = "\"${SRCROOT}/Pods/Target Support Files/Pods-GigMateTests/Pods-GigMateTests-resources.sh\"\n";
			showEnvVarsInLog = 0;
		};
		54A6664FAB6723B3915BD857 /* Check Pods Manifest.lock */ = {
			isa = PBXShellScriptBuildPhase;
			buildActionMask = 2147483647;
			files = (
			);
			inputPaths = (
			);
			name = "Check Pods Manifest.lock";
			outputPaths = (
			);
			runOnlyForDeploymentPostprocessing = 0;
			shellPath = /bin/sh;
			shellScript = "diff \"${PODS_ROOT}/../Podfile.lock\" \"${PODS_ROOT}/Manifest.lock\" > /dev/null\nif [[ $? != 0 ]] ; then\n    cat << EOM\nerror: The sandbox is not in sync with the Podfile.lock. Run 'pod install' or update your CocoaPods installation.\nEOM\n    exit 1\nfi\n";
			showEnvVarsInLog = 0;
		};
/* End PBXShellScriptBuildPhase section */

/* Begin PBXSourcesBuildPhase section */
		194B7E981AF1C6C50025F199 /* Sources */ = {
			isa = PBXSourcesBuildPhase;
			buildActionMask = 2147483647;
			files = (
				197726D81B01FF2E003373A6 /* Song.m in Sources */,
				197811741AF7E0CF009D0EAC /* AddSongsToSetViewController.m in Sources */,
				194B7F1A1AF1C9E80025F199 /* IQTitleBarButtonItem.m in Sources */,
				191CA4EF1B01470C0011D047 /* GigSetTableViewController.m in Sources */,
				194B7ED61AF1C73D0025F199 /* AddGigViewController.m in Sources */,
				197726D51B01F39F003373A6 /* Gigs.m in Sources */,
				194B7F1B1AF1C9E80025F199 /* IQToolbar.m in Sources */,
				194B7F0D1AF1C9D70025F199 /* IQSegmentedNextPrevious.m in Sources */,
				194B7EA51AF1C6C50025F199 /* AppDelegate.m in Sources */,
				19D5B08A1AF3621100B41A32 /* SongsViewController.m in Sources */,
				194B7F1C1AF1C9E80025F199 /* IQUIView+IQKeyboardToolbar.m in Sources */,
				194B7F001AF1C9AE0025F199 /* IQNSArray+Sort.m in Sources */,
				194B7F091AF1C9CF0025F199 /* IQKeyboardManager.m in Sources */,
				197726CF1B01F39E003373A6 /* SetList.m in Sources */,
				194B7F191AF1C9E80025F199 /* IQBarButtonItem.m in Sources */,
				194B7ED71AF1C73D0025F199 /* AddSetViewController.m in Sources */,
				194B7ED91AF1C73D0025F199 /* GigsTableViewController.m in Sources */,
				194B7F0A1AF1C9CF0025F199 /* IQKeyboardReturnKeyHandler.m in Sources */,
				194B7F011AF1C9AE0025F199 /* IQUIView+Hierarchy.m in Sources */,
				194B7ED81AF1C73D0025F199 /* AddSongViewController.m in Sources */,
				194B7EA21AF1C6C50025F199 /* main.m in Sources */,
				194B7F021AF1C9AE0025F199 /* IQUIWindow+Hierarchy.m in Sources */,
				194B7F101AF1C9DE0025F199 /* IQTextView.m in Sources */,
				194B7EDA1AF1C73D0025F199 /* SetListTableViewController.m in Sources */,
				194B7EA81AF1C6C50025F199 /* GigMate.xcdatamodeld in Sources */,
			);
			runOnlyForDeploymentPostprocessing = 0;
		};
		194B7EB41AF1C6C50025F199 /* Sources */ = {
			isa = PBXSourcesBuildPhase;
			buildActionMask = 2147483647;
			files = (
				194B7EBF1AF1C6C50025F199 /* GigMateTests.m in Sources */,
			);
			runOnlyForDeploymentPostprocessing = 0;
		};
/* End PBXSourcesBuildPhase section */

/* Begin PBXTargetDependency section */
		194B7EBA1AF1C6C50025F199 /* PBXTargetDependency */ = {
			isa = PBXTargetDependency;
			target = 194B7E9B1AF1C6C50025F199 /* GigMate */;
			targetProxy = 194B7EB91AF1C6C50025F199 /* PBXContainerItemProxy */;
		};
/* End PBXTargetDependency section */

/* Begin PBXVariantGroup section */
		194B7EB11AF1C6C50025F199 /* LaunchScreen.xib */ = {
			isa = PBXVariantGroup;
			children = (
				194B7EB21AF1C6C50025F199 /* Base */,
			);
			name = LaunchScreen.xib;
			sourceTree = "<group>";
		};
/* End PBXVariantGroup section */

/* Begin XCBuildConfiguration section */
		194B7EC01AF1C6C50025F199 /* Debug */ = {
			isa = XCBuildConfiguration;
			buildSettings = {
				ALWAYS_SEARCH_USER_PATHS = NO;
				CLANG_CXX_LANGUAGE_STANDARD = "gnu++0x";
				CLANG_CXX_LIBRARY = "libc++";
				CLANG_ENABLE_MODULES = YES;
				CLANG_ENABLE_OBJC_ARC = YES;
				CLANG_WARN_BOOL_CONVERSION = YES;
				CLANG_WARN_CONSTANT_CONVERSION = YES;
				CLANG_WARN_DIRECT_OBJC_ISA_USAGE = YES_ERROR;
				CLANG_WARN_EMPTY_BODY = YES;
				CLANG_WARN_ENUM_CONVERSION = YES;
				CLANG_WARN_INT_CONVERSION = YES;
				CLANG_WARN_OBJC_ROOT_CLASS = YES_ERROR;
				CLANG_WARN_UNREACHABLE_CODE = YES;
				CLANG_WARN__DUPLICATE_METHOD_MATCH = YES;
				"CODE_SIGN_IDENTITY[sdk=iphoneos*]" = "iPhone Developer";
				COPY_PHASE_STRIP = NO;
				DEBUG_INFORMATION_FORMAT = "dwarf-with-dsym";
				ENABLE_STRICT_OBJC_MSGSEND = YES;
				GCC_C_LANGUAGE_STANDARD = gnu99;
				GCC_DYNAMIC_NO_PIC = NO;
				GCC_NO_COMMON_BLOCKS = YES;
				GCC_OPTIMIZATION_LEVEL = 0;
				GCC_PREPROCESSOR_DEFINITIONS = (
					"DEBUG=1",
					"$(inherited)",
				);
				GCC_SYMBOLS_PRIVATE_EXTERN = NO;
				GCC_WARN_64_TO_32_BIT_CONVERSION = YES;
				GCC_WARN_ABOUT_RETURN_TYPE = YES_ERROR;
				GCC_WARN_UNDECLARED_SELECTOR = YES;
				GCC_WARN_UNINITIALIZED_AUTOS = YES_AGGRESSIVE;
				GCC_WARN_UNUSED_FUNCTION = YES;
				GCC_WARN_UNUSED_VARIABLE = YES;
				IPHONEOS_DEPLOYMENT_TARGET = 8.3;
				MTL_ENABLE_DEBUG_INFO = YES;
				ONLY_ACTIVE_ARCH = YES;
				SDKROOT = iphoneos;
				TARGETED_DEVICE_FAMILY = "1,2";
			};
			name = Debug;
		};
		194B7EC11AF1C6C50025F199 /* Release */ = {
			isa = XCBuildConfiguration;
			buildSettings = {
				ALWAYS_SEARCH_USER_PATHS = NO;
				CLANG_CXX_LANGUAGE_STANDARD = "gnu++0x";
				CLANG_CXX_LIBRARY = "libc++";
				CLANG_ENABLE_MODULES = YES;
				CLANG_ENABLE_OBJC_ARC = YES;
				CLANG_WARN_BOOL_CONVERSION = YES;
				CLANG_WARN_CONSTANT_CONVERSION = YES;
				CLANG_WARN_DIRECT_OBJC_ISA_USAGE = YES_ERROR;
				CLANG_WARN_EMPTY_BODY = YES;
				CLANG_WARN_ENUM_CONVERSION = YES;
				CLANG_WARN_INT_CONVERSION = YES;
				CLANG_WARN_OBJC_ROOT_CLASS = YES_ERROR;
				CLANG_WARN_UNREACHABLE_CODE = YES;
				CLANG_WARN__DUPLICATE_METHOD_MATCH = YES;
				"CODE_SIGN_IDENTITY[sdk=iphoneos*]" = "iPhone Developer";
				COPY_PHASE_STRIP = NO;
				DEBUG_INFORMATION_FORMAT = "dwarf-with-dsym";
				ENABLE_NS_ASSERTIONS = NO;
				ENABLE_STRICT_OBJC_MSGSEND = YES;
				GCC_C_LANGUAGE_STANDARD = gnu99;
				GCC_NO_COMMON_BLOCKS = YES;
				GCC_WARN_64_TO_32_BIT_CONVERSION = YES;
				GCC_WARN_ABOUT_RETURN_TYPE = YES_ERROR;
				GCC_WARN_UNDECLARED_SELECTOR = YES;
				GCC_WARN_UNINITIALIZED_AUTOS = YES_AGGRESSIVE;
				GCC_WARN_UNUSED_FUNCTION = YES;
				GCC_WARN_UNUSED_VARIABLE = YES;
				IPHONEOS_DEPLOYMENT_TARGET = 8.3;
				MTL_ENABLE_DEBUG_INFO = NO;
				SDKROOT = iphoneos;
				TARGETED_DEVICE_FAMILY = "1,2";
				VALIDATE_PRODUCT = YES;
			};
			name = Release;
		};
		194B7EC31AF1C6C50025F199 /* Debug */ = {
			isa = XCBuildConfiguration;
			buildSettings = {
				ASSETCATALOG_COMPILER_APPICON_NAME = AppIcon;
				INFOPLIST_FILE = GigMate/Info.plist;
				LD_RUNPATH_SEARCH_PATHS = "$(inherited) @executable_path/Frameworks";
				PRODUCT_NAME = "$(TARGET_NAME)";
			};
			name = Debug;
		};
		194B7EC41AF1C6C50025F199 /* Release */ = {
			isa = XCBuildConfiguration;
			buildSettings = {
				ASSETCATALOG_COMPILER_APPICON_NAME = AppIcon;
				INFOPLIST_FILE = GigMate/Info.plist;
				LD_RUNPATH_SEARCH_PATHS = "$(inherited) @executable_path/Frameworks";
				PRODUCT_NAME = "$(TARGET_NAME)";
			};
			name = Release;
		};
		194B7EC61AF1C6C50025F199 /* Debug */ = {
			isa = XCBuildConfiguration;
			baseConfigurationReference = 41530C53AB41B79481770146 /* Pods-GigMateTests.debug.xcconfig */;
			buildSettings = {
				BUNDLE_LOADER = "$(TEST_HOST)";
				FRAMEWORK_SEARCH_PATHS = (
					"$(SDKROOT)/Developer/Library/Frameworks",
					"$(inherited)",
				);
				GCC_PREPROCESSOR_DEFINITIONS = (
					"DEBUG=1",
					"$(inherited)",
				);
				INFOPLIST_FILE = GigMateTests/Info.plist;
				LD_RUNPATH_SEARCH_PATHS = "$(inherited) @executable_path/Frameworks @loader_path/Frameworks";
				PRODUCT_NAME = "$(TARGET_NAME)";
				TEST_HOST = "$(BUILT_PRODUCTS_DIR)/GigMate.app/GigMate";
			};
			name = Debug;
		};
		194B7EC71AF1C6C50025F199 /* Release */ = {
			isa = XCBuildConfiguration;
			baseConfigurationReference = E4526E3D28559BD1247E84D8 /* Pods-GigMateTests.release.xcconfig */;
			buildSettings = {
				BUNDLE_LOADER = "$(TEST_HOST)";
				FRAMEWORK_SEARCH_PATHS = (
					"$(SDKROOT)/Developer/Library/Frameworks",
					"$(inherited)",
				);
				INFOPLIST_FILE = GigMateTests/Info.plist;
				LD_RUNPATH_SEARCH_PATHS = "$(inherited) @executable_path/Frameworks @loader_path/Frameworks";
				PRODUCT_NAME = "$(TARGET_NAME)";
				TEST_HOST = "$(BUILT_PRODUCTS_DIR)/GigMate.app/GigMate";
			};
			name = Release;
		};
/* End XCBuildConfiguration section */

/* Begin XCConfigurationList section */
		194B7E971AF1C6C40025F199 /* Build configuration list for PBXProject "GigMate" */ = {
			isa = XCConfigurationList;
			buildConfigurations = (
				194B7EC01AF1C6C50025F199 /* Debug */,
				194B7EC11AF1C6C50025F199 /* Release */,
			);
			defaultConfigurationIsVisible = 0;
			defaultConfigurationName = Release;
		};
		194B7EC21AF1C6C50025F199 /* Build configuration list for PBXNativeTarget "GigMate" */ = {
			isa = XCConfigurationList;
			buildConfigurations = (
				194B7EC31AF1C6C50025F199 /* Debug */,
				194B7EC41AF1C6C50025F199 /* Release */,
			);
			defaultConfigurationIsVisible = 0;
			defaultConfigurationName = Release;
		};
		194B7EC51AF1C6C50025F199 /* Build configuration list for PBXNativeTarget "GigMateTests" */ = {
			isa = XCConfigurationList;
			buildConfigurations = (
				194B7EC61AF1C6C50025F199 /* Debug */,
				194B7EC71AF1C6C50025F199 /* Release */,
			);
			defaultConfigurationIsVisible = 0;
			defaultConfigurationName = Release;
		};
/* End XCConfigurationList section */

/* Begin XCVersionGroup section */
		194B7EA61AF1C6C50025F199 /* GigMate.xcdatamodeld */ = {
			isa = XCVersionGroup;
			children = (
				194B7EA71AF1C6C50025F199 /* GigMate.xcdatamodel */,
			);
			currentVersion = 194B7EA71AF1C6C50025F199 /* GigMate.xcdatamodel */;
			path = GigMate.xcdatamodeld;
			sourceTree = "<group>";
			versionGroupType = wrapper.xcdatamodel;
		};
/* End XCVersionGroup section */
	};
	rootObject = 194B7E941AF1C6C40025F199 /* Project object */;
}
